// !$*UTF8*$!
{
	archiveVersion = 1;
	classes = {
	};
	objectVersion = 77;
	objects = {

/* Begin PBXBuildFile section */
		DCAC00212F20000000000021 /* ShflComposition in Frameworks */ = {isa = PBXBuildFile; productRef = DCAC00112F20000000000011 /* ShflComposition */; };
		DCAC00222F20000000000022 /* ShflCore in Frameworks */ = {isa = PBXBuildFile; productRef = DCAC00122F20000000000012 /* ShflCore */; };
		DCAC00232F20000000000023 /* ShflAppleMusicUI in Frameworks */ = {isa = PBXBuildFile; productRef = DCAC00132F20000000000013 /* ShflAppleMusicUI */; };
		DCAC00242F20000000000024 /* ShflLastFM in Frameworks */ = {isa = PBXBuildFile; productRef = DCAC00142F20000000000014 /* ShflLastFM */; };
		DC190C9D2F4B7EDB0005FDF6 /* Vortex in Frameworks */ = {isa = PBXBuildFile; productRef = DCAA00022F10000000000002 /* Vortex */; };
		DCAA00042F10000000000004 /* ShflCore in Frameworks */ = {isa = PBXBuildFile; productRef = DCAA00032F10000000000003 /* ShflCore */; };
		DCAA00112F10000000000011 /* ShflDeterministic in Frameworks */ = {isa = PBXBuildFile; productRef = DCAA00102F10000000000010 /* ShflDeterministic */; };
		DCAA00152F10000000000015 /* ShflAppleMusicUI in Frameworks */ = {isa = PBXBuildFile; productRef = DCAA00142F10000000000014 /* ShflAppleMusicUI */; };
		DCAA00172F10000000000017 /* ShflLastFM in Frameworks */ = {isa = PBXBuildFile; productRef = DCAA00162F10000000000016 /* ShflLastFM */; };
		DCAA00192F10000000000019 /* ShflComposition in Frameworks */ = {isa = PBXBuildFile; productRef = DCAA00182F10000000000018 /* ShflComposition */; };
/* End PBXBuildFile section */

/* Begin PBXContainerItemProxy section */
		DCAC00312F20000000000031 /* PBXContainerItemProxy */ = {
			isa = PBXContainerItemProxy;
			containerPortal = DC13068D2EFDBDA300200F38 /* Project object */;
			proxyType = 1;
			remoteGlobalIDString = DCAC00012F20000000000001;
			remoteInfo = ShflMac;
		};
		DC1306A52EFDBDA400200F38 /* PBXContainerItemProxy */ = {
			isa = PBXContainerItemProxy;
			containerPortal = DC13068D2EFDBDA300200F38 /* Project object */;
			proxyType = 1;
			remoteGlobalIDString = DC1306942EFDBDA300200F38;
			remoteInfo = Shfl;
		};
		DC1306AF2EFDBDA400200F38 /* PBXContainerItemProxy */ = {
			isa = PBXContainerItemProxy;
			containerPortal = DC13068D2EFDBDA300200F38 /* Project object */;
			proxyType = 1;
			remoteGlobalIDString = DC1306942EFDBDA300200F38;
			remoteInfo = Shfl;
		};
/* End PBXContainerItemProxy section */

/* Begin PBXFileReference section */
		DCAC00032F20000000000003 /* Shuffled.app */ = {isa = PBXFileReference; explicitFileType = wrapper.application; includeInIndex = 0; path = Shuffled.app; sourceTree = BUILT_PRODUCTS_DIR; };
		DCAC00042F20000000000004 /* ShflMacTests.xctest */ = {isa = PBXFileReference; explicitFileType = wrapper.cfbundle; includeInIndex = 0; path = ShflMacTests.xctest; sourceTree = BUILT_PRODUCTS_DIR; };
		DC1306952EFDBDA300200F38 /* Shfl.app */ = {isa = PBXFileReference; explicitFileType = wrapper.application; includeInIndex = 0; path = Shfl.app; sourceTree = BUILT_PRODUCTS_DIR; };
		DC1306A42EFDBDA400200F38 /* ShflTests.xctest */ = {isa = PBXFileReference; explicitFileType = wrapper.cfbundle; includeInIndex = 0; path = ShflTests.xctest; sourceTree = BUILT_PRODUCTS_DIR; };
		DC1306AE2EFDBDA400200F38 /* ShflUITests.xctest */ = {isa = PBXFileReference; explicitFileType = wrapper.cfbundle; includeInIndex = 0; path = ShflUITests.xctest; sourceTree = BUILT_PRODUCTS_DIR; };
		DCAA00062F10000000000006 /* ShflKit */ = {isa = PBXFileReference; lastKnownFileType = wrapper; name = ShflKit; path = Packages/ShflKit; sourceTree = "<group>"; };
/* End PBXFileReference section */

/* Begin PBXFileSystemSynchronizedBuildFileExceptionSet section */
		DCBD22212F01083C00E57867 /* Exceptions for "Shfl" folder in "Shfl" target */ = {
			isa = PBXFileSystemSynchronizedBuildFileExceptionSet;
			membershipExceptions = (
				Info.plist,
			);
			target = DC1306942EFDBDA300200F38 /* Shfl */;
		};
/* End PBXFileSystemSynchronizedBuildFileExceptionSet section */

/* Begin PBXFileSystemSynchronizedRootGroup section */
		DCAC00052F20000000000005 /* ShflMac */ = {
			isa = PBXFileSystemSynchronizedRootGroup;
			path = ShflMac;
			sourceTree = "<group>";
		};
		DCAC00062F20000000000006 /* ShflMacTests */ = {
			isa = PBXFileSystemSynchronizedRootGroup;
			path = ShflMacTests;
			sourceTree = "<group>";
		};
		DC1306972EFDBDA300200F38 /* Shfl */ = {
			isa = PBXFileSystemSynchronizedRootGroup;
			exceptions = (
				DCBD22212F01083C00E57867 /* Exceptions for "Shfl" folder in "Shfl" target */,
			);
			path = Shfl;
			sourceTree = "<group>";
		};
		DC1306A72EFDBDA400200F38 /* ShflTests */ = {
			isa = PBXFileSystemSynchronizedRootGroup;
			path = ShflTests;
			sourceTree = "<group>";
		};
		DC1306B12EFDBDA400200F38 /* ShflUITests */ = {
			isa = PBXFileSystemSynchronizedRootGroup;
			path = ShflUITests;
			sourceTree = "<group>";
		};
/* End PBXFileSystemSynchronizedRootGroup section */

/* Begin PBXFrameworksBuildPhase section */
		DCAC00412F20000000000041 /* Frameworks */ = {
			isa = PBXFrameworksBuildPhase;
			buildActionMask = 2147483647;
			files = (
				DCAC00212F20000000000021 /* ShflComposition in Frameworks */,
				DCAC00222F20000000000022 /* ShflCore in Frameworks */,
				DCAC00232F20000000000023 /* ShflAppleMusicUI in Frameworks */,
				DCAC00242F20000000000024 /* ShflLastFM in Frameworks */,
			);
			runOnlyForDeploymentPostprocessing = 0;
		};
		DCAC00442F20000000000044 /* Frameworks */ = {
			isa = PBXFrameworksBuildPhase;
			buildActionMask = 2147483647;
			files = (
			);
			runOnlyForDeploymentPostprocessing = 0;
		};
		DC1306922EFDBDA300200F38 /* Frameworks */ = {
			isa = PBXFrameworksBuildPhase;
			buildActionMask = 2147483647;
			files = (
				DC190C9D2F4B7EDB0005FDF6 /* Vortex in Frameworks */,
				DCAA00042F10000000000004 /* ShflCore in Frameworks */,
				DCAA00192F10000000000019 /* ShflComposition in Frameworks */,
				DCAA00172F10000000000017 /* ShflLastFM in Frameworks */,
				DCAA00152F10000000000015 /* ShflAppleMusicUI in Frameworks */,
				DCAA00112F10000000000011 /* ShflDeterministic in Frameworks */,
			);
			runOnlyForDeploymentPostprocessing = 0;
		};
		DC1306A12EFDBDA400200F38 /* Frameworks */ = {
			isa = PBXFrameworksBuildPhase;
			buildActionMask = 2147483647;
			files = (
			);
			runOnlyForDeploymentPostprocessing = 0;
		};
		DC1306AB2EFDBDA400200F38 /* Frameworks */ = {
			isa = PBXFrameworksBuildPhase;
			buildActionMask = 2147483647;
			files = (
			);
			runOnlyForDeploymentPostprocessing = 0;
		};
/* End PBXFrameworksBuildPhase section */

/* Begin PBXGroup section */
		DC13068C2EFDBDA300200F38 = {
			isa = PBXGroup;
			children = (
				DCBD255D2F0CCD9E00E57867 /* Resources */,
				DCAA00062F10000000000006 /* ShflKit */,
				DC1306972EFDBDA300200F38 /* Shfl */,
				DC1306A72EFDBDA400200F38 /* ShflTests */,
				DC1306B12EFDBDA400200F38 /* ShflUITests */,
				DCAC00052F20000000000005 /* ShflMac */,
				DCAC00062F20000000000006 /* ShflMacTests */,
				DC1306962EFDBDA300200F38 /* Products */,
			);
			sourceTree = "<group>";
		};
		DC1306962EFDBDA300200F38 /* Products */ = {
			isa = PBXGroup;
			children = (
				DC1306952EFDBDA300200F38 /* Shfl.app */,
				DC1306A42EFDBDA400200F38 /* ShflTests.xctest */,
				DC1306AE2EFDBDA400200F38 /* ShflUITests.xctest */,
				DCAC00032F20000000000003 /* Shuffled.app */,
				DCAC00042F20000000000004 /* ShflMacTests.xctest */,
			);
			name = Products;
			sourceTree = "<group>";
		};
		DCBD255D2F0CCD9E00E57867 /* Resources */ = {
			isa = PBXGroup;
			children = (
			);
			path = Resources;
			sourceTree = "<group>";
		};
/* End PBXGroup section */

/* Begin PBXNativeTarget section */
		DCAC00012F20000000000001 /* ShflMac */ = {
			isa = PBXNativeTarget;
			buildConfigurationList = DCAC00612F20000000000061 /* Build configuration list for PBXNativeTarget "ShflMac" */;
			buildPhases = (
				DCAC00402F20000000000040 /* Sources */,
				DCAC00412F20000000000041 /* Frameworks */,
				DCAC00422F20000000000042 /* Resources */,
			);
			buildRules = (
			);
			dependencies = (
			);
			fileSystemSynchronizedGroups = (
				DCAC00052F20000000000005 /* ShflMac */,
			);
			name = ShflMac;
			packageProductDependencies = (
				DCAC00112F20000000000011 /* ShflComposition */,
				DCAC00122F20000000000012 /* ShflCore */,
				DCAC00132F20000000000013 /* ShflAppleMusicUI */,
				DCAC00142F20000000000014 /* ShflLastFM */,
			);
			productName = ShflMac;
			productReference = DCAC00032F20000000000003 /* Shuffled.app */;
			productType = "com.apple.product-type.application";
		};
		DCAC00022F20000000000002 /* ShflMacTests */ = {
			isa = PBXNativeTarget;
			buildConfigurationList = DCAC00622F20000000000062 /* Build configuration list for PBXNativeTarget "ShflMacTests" */;
			buildPhases = (
				DCAC00432F20000000000043 /* Sources */,
				DCAC00442F20000000000044 /* Frameworks */,
				DCAC00452F20000000000045 /* Resources */,
			);
			buildRules = (
			);
			dependencies = (
				DCAC00322F20000000000032 /* PBXTargetDependency */,
			);
			fileSystemSynchronizedGroups = (
				DCAC00062F20000000000006 /* ShflMacTests */,
			);
			name = ShflMacTests;
			packageProductDependencies = (
			);
			productName = ShflMacTests;
			productReference = DCAC00042F20000000000004 /* ShflMacTests.xctest */;
			productType = "com.apple.product-type.bundle.unit-test";
		};
		DC1306942EFDBDA300200F38 /* Shfl */ = {
			isa = PBXNativeTarget;
			buildConfigurationList = DC1306B82EFDBDA400200F38 /* Build configuration list for PBXNativeTarget "Shfl" */;
			buildPhases = (
				DC1306912EFDBDA300200F38 /* Sources */,
				DC1306922EFDBDA300200F38 /* Frameworks */,
				DC1306932EFDBDA300200F38 /* Resources */,
			);
			buildRules = (
			);
			dependencies = (
			);
			fileSystemSynchronizedGroups = (
				DC1306972EFDBDA300200F38 /* Shfl */,
			);
			name = Shfl;
			packageProductDependencies = (
				DCAA00022F10000000000002 /* Vortex */,
				DCAA00032F10000000000003 /* ShflCore */,
				DCAA00182F10000000000018 /* ShflComposition */,
				DCAA00162F10000000000016 /* ShflLastFM */,
				DCAA00142F10000000000014 /* ShflAppleMusicUI */,
				DCAA00102F10000000000010 /* ShflDeterministic */,
			);
			productName = Shfl;
			productReference = DC1306952EFDBDA300200F38 /* Shfl.app */;
			productType = "com.apple.product-type.application";
		};
		DC1306A32EFDBDA400200F38 /* ShflTests */ = {
			isa = PBXNativeTarget;
			buildConfigurationList = DC1306BB2EFDBDA400200F38 /* Build configuration list for PBXNativeTarget "ShflTests" */;
			buildPhases = (
				DC1306A02EFDBDA400200F38 /* Sources */,
				DC1306A12EFDBDA400200F38 /* Frameworks */,
				DC1306A22EFDBDA400200F38 /* Resources */,
			);
			buildRules = (
			);
			dependencies = (
				DC1306A62EFDBDA400200F38 /* PBXTargetDependency */,
			);
			fileSystemSynchronizedGroups = (
				DC1306A72EFDBDA400200F38 /* ShflTests */,
			);
			name = ShflTests;
			packageProductDependencies = (
			);
			productName = ShflTests;
			productReference = DC1306A42EFDBDA400200F38 /* ShflTests.xctest */;
			productType = "com.apple.product-type.bundle.unit-test";
		};
		DC1306AD2EFDBDA400200F38 /* ShflUITests */ = {
			isa = PBXNativeTarget;
			buildConfigurationList = DC1306BE2EFDBDA400200F38 /* Build configuration list for PBXNativeTarget "ShflUITests" */;
			buildPhases = (
				DC1306AA2EFDBDA400200F38 /* Sources */,
				DC1306AB2EFDBDA400200F38 /* Frameworks */,
				DC1306AC2EFDBDA400200F38 /* Resources */,
			);
			buildRules = (
			);
			dependencies = (
				DC1306B02EFDBDA400200F38 /* PBXTargetDependency */,
			);
			fileSystemSynchronizedGroups = (
				DC1306B12EFDBDA400200F38 /* ShflUITests */,
			);
			name = ShflUITests;
			packageProductDependencies = (
			);
			productName = ShflUITests;
			productReference = DC1306AE2EFDBDA400200F38 /* ShflUITests.xctest */;
			productType = "com.apple.product-type.bundle.ui-testing";
		};
/* End PBXNativeTarget section */

/* Begin PBXProject section */
		DC13068D2EFDBDA300200F38 /* Project object */ = {
			isa = PBXProject;
			attributes = {
				BuildIndependentTargetsInParallel = 1;
				LastSwiftUpdateCheck = 2620;
				LastUpgradeCheck = 2620;
				TargetAttributes = {
					DCAC00012F20000000000001 = {
						CreatedOnToolsVersion = 27.0;
					};
					DCAC00022F20000000000002 = {
						CreatedOnToolsVersion = 27.0;
						TestTargetID = DCAC00012F20000000000001;
					};
					DC1306942EFDBDA300200F38 = {
						CreatedOnToolsVersion = 26.2;
					};
					DC1306A32EFDBDA400200F38 = {
						CreatedOnToolsVersion = 26.2;
						TestTargetID = DC1306942EFDBDA300200F38;
					};
					DC1306AD2EFDBDA400200F38 = {
						CreatedOnToolsVersion = 26.2;
						TestTargetID = DC1306942EFDBDA300200F38;
					};
				};
			};
			buildConfigurationList = DC1306902EFDBDA300200F38 /* Build configuration list for PBXProject "Shfl" */;
			developmentRegion = en;
			hasScannedForEncodings = 0;
			knownRegions = (
				en,
				Base,
			);
			mainGroup = DC13068C2EFDBDA300200F38;
			minimizedProjectReferenceProxies = 1;
			packageReferences = (
				DCAA00012F10000000000001 /* XCRemoteSwiftPackageReference "Vortex" */,
				DCAA00052F10000000000005 /* XCLocalSwiftPackageReference "Packages/ShflKit" */,
			);
			preferredProjectObjectVersion = 77;
			productRefGroup = DC1306962EFDBDA300200F38 /* Products */;
			projectDirPath = "";
			projectRoot = "";
			targets = (
				DC1306942EFDBDA300200F38 /* Shfl */,
				DC1306A32EFDBDA400200F38 /* ShflTests */,
				DC1306AD2EFDBDA400200F38 /* ShflUITests */,
				DCAC00012F20000000000001 /* ShflMac */,
				DCAC00022F20000000000002 /* ShflMacTests */,
			);
		};
/* End PBXProject section */

/* Begin PBXResourcesBuildPhase section */
		DCAC00422F20000000000042 /* Resources */ = {
			isa = PBXResourcesBuildPhase;
			buildActionMask = 2147483647;
			files = (
			);
			runOnlyForDeploymentPostprocessing = 0;
		};
		DCAC00452F20000000000045 /* Resources */ = {
			isa = PBXResourcesBuildPhase;
			buildActionMask = 2147483647;
			files = (
			);
			runOnlyForDeploymentPostprocessing = 0;
		};
		DC1306932EFDBDA300200F38 /* Resources */ = {
			isa = PBXResourcesBuildPhase;
			buildActionMask = 2147483647;
			files = (
			);
			runOnlyForDeploymentPostprocessing = 0;
		};
		DC1306A22EFDBDA400200F38 /* Resources */ = {
			isa = PBXResourcesBuildPhase;
			buildActionMask = 2147483647;
			files = (
			);
			runOnlyForDeploymentPostprocessing = 0;
		};
		DC1306AC2EFDBDA400200F38 /* Resources */ = {
			isa = PBXResourcesBuildPhase;
			buildActionMask = 2147483647;
			files = (
			);
			runOnlyForDeploymentPostprocessing = 0;
		};
/* End PBXResourcesBuildPhase section */

/* Begin PBXSourcesBuildPhase section */
		DCAC00402F20000000000040 /* Sources */ = {
			isa = PBXSourcesBuildPhase;
			buildActionMask = 2147483647;
			files = (
			);
			runOnlyForDeploymentPostprocessing = 0;
		};
		DCAC00432F20000000000043 /* Sources */ = {
			isa = PBXSourcesBuildPhase;
			buildActionMask = 2147483647;
			files = (
			);
			runOnlyForDeploymentPostprocessing = 0;
		};
		DC1306912EFDBDA300200F38 /* Sources */ = {
			isa = PBXSourcesBuildPhase;
			buildActionMask = 2147483647;
			files = (
			);
			runOnlyForDeploymentPostprocessing = 0;
		};
		DC1306A02EFDBDA400200F38 /* Sources */ = {
			isa = PBXSourcesBuildPhase;
			buildActionMask = 2147483647;
			files = (
			);
			runOnlyForDeploymentPostprocessing = 0;
		};
		DC1306AA2EFDBDA400200F38 /* Sources */ = {
			isa = PBXSourcesBuildPhase;
			buildActionMask = 2147483647;
			files = (
			);
			runOnlyForDeploymentPostprocessing = 0;
		};
/* End PBXSourcesBuildPhase section */

/* Begin PBXTargetDependency section */
		DCAC00322F20000000000032 /* PBXTargetDependency */ = {
			isa = PBXTargetDependency;
			target = DCAC00012F20000000000001 /* ShflMac */;
			targetProxy = DCAC00312F20000000000031 /* PBXContainerItemProxy */;
		};
		DC1306A62EFDBDA400200F38 /* PBXTargetDependency */ = {
			isa = PBXTargetDependency;
			target = DC1306942EFDBDA300200F38 /* Shfl */;
			targetProxy = DC1306A52EFDBDA400200F38 /* PBXContainerItemProxy */;
		};
		DC1306B02EFDBDA400200F38 /* PBXTargetDependency */ = {
			isa = PBXTargetDependency;
			target = DC1306942EFDBDA300200F38 /* Shfl */;
			targetProxy = DC1306AF2EFDBDA400200F38 /* PBXContainerItemProxy */;
		};
/* End PBXTargetDependency section */

/* Begin XCBuildConfiguration section */
		DCAC00512F20000000000051 /* Debug */ = {
			isa = XCBuildConfiguration;
			buildSettings = {
				CODE_SIGN_ENTITLEMENTS = ShflMac/ShflMac.entitlements;
				CODE_SIGN_IDENTITY = "Apple Development";
				CODE_SIGN_STYLE = Automatic;
				COMBINE_HIDPI_IMAGES = YES;
				CURRENT_PROJECT_VERSION = 1;
				DEVELOPMENT_TEAM = X5XSK7UQ3N;
				ENABLE_APP_SANDBOX = YES;
				ENABLE_HARDENED_RUNTIME = YES;
				ENABLE_OUTGOING_NETWORK_CONNECTIONS = YES;
				ENABLE_PREVIEWS = YES;
				GENERATE_INFOPLIST_FILE = YES;
				INFOPLIST_KEY_CFBundleDisplayName = Shuffled;
				INFOPLIST_KEY_LSApplicationCategoryType = "public.app-category.music";
				INFOPLIST_KEY_NSAppleMusicUsageDescription = "Shuffled needs access to Apple Music to search your library and play songs.";
				LD_RUNPATH_SEARCH_PATHS = "@executable_path/../Frameworks";
				MACOSX_DEPLOYMENT_TARGET = 26.0;
				MARKETING_VERSION = 1.0;
				PRODUCT_BUNDLE_IDENTIFIER = com.joshuahughes.shuffled;
				PRODUCT_MODULE_NAME = ShflMac;
				PRODUCT_NAME = Shuffled;
				SDKROOT = macosx;
				STRING_CATALOG_GENERATE_SYMBOLS = YES;
				SUPPORTED_PLATFORMS = macosx;
				SWIFT_APPROACHABLE_CONCURRENCY = YES;
				SWIFT_DEFAULT_ACTOR_ISOLATION = MainActor;
				SWIFT_EMIT_LOC_STRINGS = YES;
				SWIFT_UPCOMING_FEATURE_MEMBER_IMPORT_VISIBILITY = YES;
				SWIFT_VERSION = 5.0;
			};
			name = Debug;
		};
		DCAC00522F20000000000052 /* Release */ = {
			isa = XCBuildConfiguration;
			buildSettings = {
				CODE_SIGN_ENTITLEMENTS = ShflMac/ShflMac.entitlements;
				CODE_SIGN_IDENTITY = "Apple Development";
				CODE_SIGN_STYLE = Automatic;
				COMBINE_HIDPI_IMAGES = YES;
				CURRENT_PROJECT_VERSION = 1;
				DEVELOPMENT_TEAM = X5XSK7UQ3N;
				ENABLE_APP_SANDBOX = YES;
				ENABLE_HARDENED_RUNTIME = YES;
				ENABLE_OUTGOING_NETWORK_CONNECTIONS = YES;
				ENABLE_PREVIEWS = YES;
				GENERATE_INFOPLIST_FILE = YES;
				INFOPLIST_KEY_CFBundleDisplayName = Shuffled;
				INFOPLIST_KEY_LSApplicationCategoryType = "public.app-category.music";
				INFOPLIST_KEY_NSAppleMusicUsageDescription = "Shuffled needs access to Apple Music to search your library and play songs.";
				LD_RUNPATH_SEARCH_PATHS = "@executable_path/../Frameworks";
				MACOSX_DEPLOYMENT_TARGET = 26.0;
				MARKETING_VERSION = 1.0;
				PRODUCT_BUNDLE_IDENTIFIER = com.joshuahughes.shuffled;
				PRODUCT_MODULE_NAME = ShflMac;
				PRODUCT_NAME = Shuffled;
				SDKROOT = macosx;
				STRING_CATALOG_GENERATE_SYMBOLS = YES;
				SUPPORTED_PLATFORMS = macosx;
				SWIFT_APPROACHABLE_CONCURRENCY = YES;
				SWIFT_DEFAULT_ACTOR_ISOLATION = MainActor;
				SWIFT_EMIT_LOC_STRINGS = YES;
				SWIFT_UPCOMING_FEATURE_MEMBER_IMPORT_VISIBILITY = YES;
				SWIFT_VERSION = 5.0;
			};
			name = Release;
		};
		DCAC00532F20000000000053 /* Debug */ = {
			isa = XCBuildConfiguration;
			buildSettings = {
				BUNDLE_LOADER = "$(TEST_HOST)";
				CODE_SIGN_STYLE = Automatic;
				CURRENT_PROJECT_VERSION = 1;
				DEVELOPMENT_TEAM = X5XSK7UQ3N;
				GENERATE_INFOPLIST_FILE = YES;
				MACOSX_DEPLOYMENT_TARGET = 26.0;
				MARKETING_VERSION = 1.0;
				PRODUCT_BUNDLE_IDENTIFIER = com.joshuahughes.ShflMacTests;
				PRODUCT_NAME = "$(TARGET_NAME)";
				SDKROOT = macosx;
				STRING_CATALOG_GENERATE_SYMBOLS = NO;
				SUPPORTED_PLATFORMS = macosx;
				SWIFT_APPROACHABLE_CONCURRENCY = YES;
				SWIFT_EMIT_LOC_STRINGS = NO;
				SWIFT_UPCOMING_FEATURE_MEMBER_IMPORT_VISIBILITY = YES;
				SWIFT_VERSION = 5.0;
				TEST_HOST = "$(BUILT_PRODUCTS_DIR)/Shuffled.app/Contents/MacOS/Shuffled";
			};
			name = Debug;
		};
		DCAC00542F20000000000054 /* Release */ = {
			isa = XCBuildConfiguration;
			buildSettings = {
				BUNDLE_LOADER = "$(TEST_HOST)";
				CODE_SIGN_STYLE = Automatic;
				CURRENT_PROJECT_VERSION = 1;
				DEVELOPMENT_TEAM = X5XSK7UQ3N;
				GENERATE_INFOPLIST_FILE = YES;
				MACOSX_DEPLOYMENT_TARGET = 26.0;
				MARKETING_VERSION = 1.0;
				PRODUCT_BUNDLE_IDENTIFIER = com.joshuahughes.ShflMacTests;
				PRODUCT_NAME = "$(TARGET_NAME)";
				SDKROOT = macosx;
				STRING_CATALOG_GENERATE_SYMBOLS = NO;
				SUPPORTED_PLATFORMS = macosx;
				SWIFT_APPROACHABLE_CONCURRENCY = YES;
				SWIFT_EMIT_LOC_STRINGS = NO;
				SWIFT_UPCOMING_FEATURE_MEMBER_IMPORT_VISIBILITY = YES;
				SWIFT_VERSION = 5.0;
				TEST_HOST = "$(BUILT_PRODUCTS_DIR)/Shuffled.app/Contents/MacOS/Shuffled";
			};
			name = Release;
		};
		DC1306B62EFDBDA400200F38 /* Debug */ = {
			isa = XCBuildConfiguration;
			buildSettings = {
				ALWAYS_SEARCH_USER_PATHS = NO;
				ASSETCATALOG_COMPILER_GENERATE_SWIFT_ASSET_SYMBOL_EXTENSIONS = YES;
				CLANG_ANALYZER_NONNULL = YES;
				CLANG_ANALYZER_NUMBER_OBJECT_CONVERSION = YES_AGGRESSIVE;
				CLANG_CXX_LANGUAGE_STANDARD = "gnu++20";
				CLANG_ENABLE_MODULES = YES;
				CLANG_ENABLE_OBJC_ARC = YES;
				CLANG_ENABLE_OBJC_WEAK = YES;
				CLANG_WARN_BLOCK_CAPTURE_AUTORELEASING = YES;
				CLANG_WARN_BOOL_CONVERSION = YES;
				CLANG_WARN_COMMA = YES;
				CLANG_WARN_CONSTANT_CONVERSION = YES;
				CLANG_WARN_DEPRECATED_OBJC_IMPLEMENTATIONS = YES;
				CLANG_WARN_DIRECT_OBJC_ISA_USAGE = YES_ERROR;
				CLANG_WARN_DOCUMENTATION_COMMENTS = YES;
				CLANG_WARN_EMPTY_BODY = YES;
				CLANG_WARN_ENUM_CONVERSION = YES;
				CLANG_WARN_INFINITE_RECURSION = YES;
				CLANG_WARN_INT_CONVERSION = YES;
				CLANG_WARN_NON_LITERAL_NULL_CONVERSION = YES;
				CLANG_WARN_OBJC_IMPLICIT_RETAIN_SELF = YES;
				CLANG_WARN_OBJC_LITERAL_CONVERSION = YES;
				CLANG_WARN_OBJC_ROOT_CLASS = YES_ERROR;
				CLANG_WARN_QUOTED_INCLUDE_IN_FRAMEWORK_HEADER = YES;
				CLANG_WARN_RANGE_LOOP_ANALYSIS = YES;
				CLANG_WARN_STRICT_PROTOTYPES = YES;
				CLANG_WARN_SUSPICIOUS_MOVE = YES;
				CLANG_WARN_UNGUARDED_AVAILABILITY = YES_AGGRESSIVE;
				CLANG_WARN_UNREACHABLE_CODE = YES;
				CLANG_WARN__DUPLICATE_METHOD_MATCH = YES;
				COPY_PHASE_STRIP = NO;
				DEBUG_INFORMATION_FORMAT = dwarf;
				DEVELOPMENT_TEAM = ZJRV3JWFV6;
				ENABLE_STRICT_OBJC_MSGSEND = YES;
				ENABLE_TESTABILITY = YES;
				ENABLE_USER_SCRIPT_SANDBOXING = YES;
				GCC_C_LANGUAGE_STANDARD = gnu17;
				GCC_DYNAMIC_NO_PIC = NO;
				GCC_NO_COMMON_BLOCKS = YES;
				GCC_OPTIMIZATION_LEVEL = 0;
				GCC_PREPROCESSOR_DEFINITIONS = (
					"DEBUG=1",
					"$(inherited)",
				);
				GCC_WARN_64_TO_32_BIT_CONVERSION = YES;
				GCC_WARN_ABOUT_RETURN_TYPE = YES_ERROR;
				GCC_WARN_UNDECLARED_SELECTOR = YES;
				GCC_WARN_UNINITIALIZED_AUTOS = YES_AGGRESSIVE;
				GCC_WARN_UNUSED_FUNCTION = YES;
				GCC_WARN_UNUSED_VARIABLE = YES;
				LOCALIZATION_PREFERS_STRING_CATALOGS = YES;
				MTL_ENABLE_DEBUG_INFO = INCLUDE_SOURCE;
				MTL_FAST_MATH = YES;
				ONLY_ACTIVE_ARCH = YES;
				SWIFT_ACTIVE_COMPILATION_CONDITIONS = "DEBUG $(inherited)";
				SWIFT_OPTIMIZATION_LEVEL = "-Onone";
			};
			name = Debug;
		};
		DC1306B72EFDBDA400200F38 /* Release */ = {
			isa = XCBuildConfiguration;
			buildSettings = {
				ALWAYS_SEARCH_USER_PATHS = NO;
				ASSETCATALOG_COMPILER_GENERATE_SWIFT_ASSET_SYMBOL_EXTENSIONS = YES;
				CLANG_ANALYZER_NONNULL = YES;
				CLANG_ANALYZER_NUMBER_OBJECT_CONVERSION = YES_AGGRESSIVE;
				CLANG_CXX_LANGUAGE_STANDARD = "gnu++20";
				CLANG_ENABLE_MODULES = YES;
				CLANG_ENABLE_OBJC_ARC = YES;
				CLANG_ENABLE_OBJC_WEAK = YES;
				CLANG_WARN_BLOCK_CAPTURE_AUTORELEASING = YES;
				CLANG_WARN_BOOL_CONVERSION = YES;
				CLANG_WARN_COMMA = YES;
				CLANG_WARN_CONSTANT_CONVERSION = YES;
				CLANG_WARN_DEPRECATED_OBJC_IMPLEMENTATIONS = YES;
				CLANG_WARN_DIRECT_OBJC_ISA_USAGE = YES_ERROR;
				CLANG_WARN_DOCUMENTATION_COMMENTS = YES;
				CLANG_WARN_EMPTY_BODY = YES;
				CLANG_WARN_ENUM_CONVERSION = YES;
				CLANG_WARN_INFINITE_RECURSION = YES;
				CLANG_WARN_INT_CONVERSION = YES;
				CLANG_WARN_NON_LITERAL_NULL_CONVERSION = YES;
				CLANG_WARN_OBJC_IMPLICIT_RETAIN_SELF = YES;
				CLANG_WARN_OBJC_LITERAL_CONVERSION = YES;
				CLANG_WARN_OBJC_ROOT_CLASS = YES_ERROR;
				CLANG_WARN_QUOTED_INCLUDE_IN_FRAMEWORK_HEADER = YES;
				CLANG_WARN_RANGE_LOOP_ANALYSIS = YES;
				CLANG_WARN_STRICT_PROTOTYPES = YES;
				CLANG_WARN_SUSPICIOUS_MOVE = YES;
				CLANG_WARN_UNGUARDED_AVAILABILITY = YES_AGGRESSIVE;
				CLANG_WARN_UNREACHABLE_CODE = YES;
				CLANG_WARN__DUPLICATE_METHOD_MATCH = YES;
				COPY_PHASE_STRIP = NO;
				DEBUG_INFORMATION_FORMAT = "dwarf-with-dsym";
				DEVELOPMENT_TEAM = ZJRV3JWFV6;
				ENABLE_NS_ASSERTIONS = NO;
				ENABLE_STRICT_OBJC_MSGSEND = YES;
				ENABLE_USER_SCRIPT_SANDBOXING = YES;
				GCC_C_LANGUAGE_STANDARD = gnu17;
				GCC_NO_COMMON_BLOCKS = YES;
				GCC_WARN_64_TO_32_BIT_CONVERSION = YES;
				GCC_WARN_ABOUT_RETURN_TYPE = YES_ERROR;
				GCC_WARN_UNDECLARED_SELECTOR = YES;
				GCC_WARN_UNINITIALIZED_AUTOS = YES_AGGRESSIVE;
				GCC_WARN_UNUSED_FUNCTION = YES;
				GCC_WARN_UNUSED_VARIABLE = YES;
				LOCALIZATION_PREFERS_STRING_CATALOGS = YES;
				MTL_ENABLE_DEBUG_INFO = NO;
				MTL_FAST_MATH = YES;
				SWIFT_COMPILATION_MODE = wholemodule;
			};
			name = Release;
		};
		DC1306B92EFDBDA400200F38 /* Debug */ = {
			isa = XCBuildConfiguration;
			buildSettings = {
				ASSETCATALOG_COMPILER_APPICON_NAME = AppIcon;
				ASSETCATALOG_COMPILER_GLOBAL_ACCENT_COLOR_NAME = AccentColor;
				CODE_SIGN_ENTITLEMENTS = Shfl/Shuffled.entitlements;
				CODE_SIGN_IDENTITY = "Apple Development";
				CODE_SIGN_STYLE = Automatic;
				CURRENT_PROJECT_VERSION = 1;
				DEVELOPMENT_TEAM = X5XSK7UQ3N;
				ENABLE_APP_SANDBOX = YES;
				ENABLE_HARDENED_RUNTIME = YES;
				ENABLE_PREVIEWS = YES;
				ENABLE_USER_SELECTED_FILES = readonly;
				GENERATE_INFOPLIST_FILE = YES;
				INFOPLIST_FILE = Shfl/Info.plist;
				INFOPLIST_KEY_CFBundleDisplayName = Shuffled;
				INFOPLIST_KEY_NSAppleMusicUsageDescription = "Shuffled needs access to Apple Music to search your library and play songs.";
				"INFOPLIST_KEY_UIApplicationSceneManifest_Generation[sdk=iphoneos*]" = YES;
				"INFOPLIST_KEY_UIApplicationSceneManifest_Generation[sdk=iphonesimulator*]" = YES;
				"INFOPLIST_KEY_UIApplicationSupportsIndirectInputEvents[sdk=iphoneos*]" = YES;
				"INFOPLIST_KEY_UIApplicationSupportsIndirectInputEvents[sdk=iphonesimulator*]" = YES;
				"INFOPLIST_KEY_UIStatusBarStyle[sdk=iphoneos*]" = UIStatusBarStyleDefault;
				"INFOPLIST_KEY_UIStatusBarStyle[sdk=iphonesimulator*]" = UIStatusBarStyleDefault;
				INFOPLIST_KEY_UISupportedInterfaceOrientations_iPad = "UIInterfaceOrientationPortrait UIInterfaceOrientationPortraitUpsideDown UIInterfaceOrientationLandscapeLeft UIInterfaceOrientationLandscapeRight";
				INFOPLIST_KEY_UISupportedInterfaceOrientations_iPhone = "UIInterfaceOrientationPortrait UIInterfaceOrientationLandscapeLeft UIInterfaceOrientationLandscapeRight";
				IPHONEOS_DEPLOYMENT_TARGET = 26.0;
				LD_RUNPATH_SEARCH_PATHS = "@executable_path/Frameworks";
				"LD_RUNPATH_SEARCH_PATHS[sdk=macosx*]" = "@executable_path/../Frameworks";
				MACOSX_DEPLOYMENT_TARGET = 26.0;
				MARKETING_VERSION = 1.0;
				PRODUCT_BUNDLE_IDENTIFIER = com.joshuahughes.shuffled;
				PRODUCT_NAME = "$(TARGET_NAME)";
				PROVISIONING_PROFILE_SPECIFIER = "";
				REGISTER_APP_GROUPS = YES;
				SDKROOT = auto;
				STRING_CATALOG_GENERATE_SYMBOLS = YES;
				SUPPORTED_PLATFORMS = "iphoneos iphonesimulator xros xrsimulator";
				SWIFT_APPROACHABLE_CONCURRENCY = YES;
				SWIFT_DEFAULT_ACTOR_ISOLATION = MainActor;
				SWIFT_EMIT_LOC_STRINGS = YES;
				SWIFT_UPCOMING_FEATURE_MEMBER_IMPORT_VISIBILITY = YES;
				SWIFT_VERSION = 5.0;
				TARGETED_DEVICE_FAMILY = "1,2,7";
				XROS_DEPLOYMENT_TARGET = 26.2;
			};
			name = Debug;
		};
		DC1306BA2EFDBDA400200F38 /* Release */ = {
			isa = XCBuildConfiguration;
			buildSettings = {
				ASSETCATALOG_COMPILER_APPICON_NAME = AppIcon;
				ASSETCATALOG_COMPILER_GLOBAL_ACCENT_COLOR_NAME = AccentColor;
				CODE_SIGN_ENTITLEMENTS = Shfl/Shuffled.entitlements;
				CODE_SIGN_IDENTITY = "Apple Development";
				CODE_SIGN_STYLE = Automatic;
				CURRENT_PROJECT_VERSION = 1;
				DEVELOPMENT_TEAM = X5XSK7UQ3N;
				ENABLE_APP_SANDBOX = YES;
				ENABLE_HARDENED_RUNTIME = YES;
				ENABLE_PREVIEWS = YES;
				ENABLE_USER_SELECTED_FILES = readonly;
				GENERATE_INFOPLIST_FILE = YES;
				INFOPLIST_FILE = Shfl/Info.plist;
				INFOPLIST_KEY_CFBundleDisplayName = Shuffled;
				INFOPLIST_KEY_NSAppleMusicUsageDescription = "Shuffled needs access to Apple Music to search your library and play songs.";
				"INFOPLIST_KEY_UIApplicationSceneManifest_Generation[sdk=iphoneos*]" = YES;
				"INFOPLIST_KEY_UIApplicationSceneManifest_Generation[sdk=iphonesimulator*]" = YES;
				"INFOPLIST_KEY_UIApplicationSupportsIndirectInputEvents[sdk=iphoneos*]" = YES;
				"INFOPLIST_KEY_UIApplicationSupportsIndirectInputEvents[sdk=iphonesimulator*]" = YES;
				"INFOPLIST_KEY_UIStatusBarStyle[sdk=iphoneos*]" = UIStatusBarStyleDefault;
				"INFOPLIST_KEY_UIStatusBarStyle[sdk=iphonesimulator*]" = UIStatusBarStyleDefault;
				INFOPLIST_KEY_UISupportedInterfaceOrientations_iPad = "UIInterfaceOrientationPortrait UIInterfaceOrientationPortraitUpsideDown UIInterfaceOrientationLandscapeLeft UIInterfaceOrientationLandscapeRight";
				INFOPLIST_KEY_UISupportedInterfaceOrientations_iPhone = "UIInterfaceOrientationPortrait UIInterfaceOrientationLandscapeLeft UIInterfaceOrientationLandscapeRight";
				IPHONEOS_DEPLOYMENT_TARGET = 26.0;
				LD_RUNPATH_SEARCH_PATHS = "@executable_path/Frameworks";
				"LD_RUNPATH_SEARCH_PATHS[sdk=macosx*]" = "@executable_path/../Frameworks";
				MACOSX_DEPLOYMENT_TARGET = 26.0;
				MARKETING_VERSION = 1.0;
				PRODUCT_BUNDLE_IDENTIFIER = com.joshuahughes.shuffled;
				PRODUCT_NAME = "$(TARGET_NAME)";
				PROVISIONING_PROFILE_SPECIFIER = "";
				REGISTER_APP_GROUPS = YES;
				SDKROOT = auto;
				STRING_CATALOG_GENERATE_SYMBOLS = YES;
				SUPPORTED_PLATFORMS = "iphoneos iphonesimulator xros xrsimulator";
				SWIFT_APPROACHABLE_CONCURRENCY = YES;
				SWIFT_DEFAULT_ACTOR_ISOLATION = MainActor;
				SWIFT_EMIT_LOC_STRINGS = YES;
				SWIFT_UPCOMING_FEATURE_MEMBER_IMPORT_VISIBILITY = YES;
				SWIFT_VERSION = 5.0;
				TARGETED_DEVICE_FAMILY = "1,2,7";
				XROS_DEPLOYMENT_TARGET = 26.2;
			};
			name = Release;
		};
		DC1306BC2EFDBDA400200F38 /* Debug */ = {
			isa = XCBuildConfiguration;
			buildSettings = {
				BUNDLE_LOADER = "$(TEST_HOST)";
				CODE_SIGN_STYLE = Automatic;
				CURRENT_PROJECT_VERSION = 1;
				DEVELOPMENT_TEAM = ZJRV3JWFV6;
				GENERATE_INFOPLIST_FILE = YES;
				IPHONEOS_DEPLOYMENT_TARGET = 26.2;
				MACOSX_DEPLOYMENT_TARGET = 26.0;
				MARKETING_VERSION = 1.0;
				PRODUCT_BUNDLE_IDENTIFIER = com.joshuahughes.ShflTests;
				PRODUCT_NAME = "$(TARGET_NAME)";
				SDKROOT = auto;
				STRING_CATALOG_GENERATE_SYMBOLS = NO;
				SUPPORTED_PLATFORMS = "iphoneos iphonesimulator xros xrsimulator";
				SWIFT_APPROACHABLE_CONCURRENCY = YES;
				SWIFT_EMIT_LOC_STRINGS = NO;
				SWIFT_UPCOMING_FEATURE_MEMBER_IMPORT_VISIBILITY = YES;
				SWIFT_VERSION = 5.0;
				TARGETED_DEVICE_FAMILY = "1,2,7";
				TEST_HOST = "$(BUILT_PRODUCTS_DIR)/Shfl.app/$(BUNDLE_EXECUTABLE_FOLDER_PATH)/Shfl";
				XROS_DEPLOYMENT_TARGET = 26.2;
			};
			name = Debug;
		};
		DC1306BD2EFDBDA400200F38 /* Release */ = {
			isa = XCBuildConfiguration;
			buildSettings = {
				BUNDLE_LOADER = "$(TEST_HOST)";
				CODE_SIGN_STYLE = Automatic;
				CURRENT_PROJECT_VERSION = 1;
				DEVELOPMENT_TEAM = ZJRV3JWFV6;
				GENERATE_INFOPLIST_FILE = YES;
				IPHONEOS_DEPLOYMENT_TARGET = 26.2;
				MACOSX_DEPLOYMENT_TARGET = 26.0;
				MARKETING_VERSION = 1.0;
				PRODUCT_BUNDLE_IDENTIFIER = com.joshuahughes.ShflTests;
				PRODUCT_NAME = "$(TARGET_NAME)";
				SDKROOT = auto;
				STRING_CATALOG_GENERATE_SYMBOLS = NO;
				SUPPORTED_PLATFORMS = "iphoneos iphonesimulator xros xrsimulator";
				SWIFT_APPROACHABLE_CONCURRENCY = YES;
				SWIFT_EMIT_LOC_STRINGS = NO;
				SWIFT_UPCOMING_FEATURE_MEMBER_IMPORT_VISIBILITY = YES;
				SWIFT_VERSION = 5.0;
				TARGETED_DEVICE_FAMILY = "1,2,7";
				TEST_HOST = "$(BUILT_PRODUCTS_DIR)/Shfl.app/$(BUNDLE_EXECUTABLE_FOLDER_PATH)/Shfl";
				XROS_DEPLOYMENT_TARGET = 26.2;
			};
			name = Release;
		};
		DC1306BF2EFDBDA400200F38 /* Debug */ = {
			isa = XCBuildConfiguration;
			buildSettings = {
				CODE_SIGN_STYLE = Automatic;
				CURRENT_PROJECT_VERSION = 1;
				DEVELOPMENT_TEAM = ZJRV3JWFV6;
				GENERATE_INFOPLIST_FILE = YES;
				IPHONEOS_DEPLOYMENT_TARGET = 26.2;
				MACOSX_DEPLOYMENT_TARGET = 26.0;
				MARKETING_VERSION = 1.0;
				PRODUCT_BUNDLE_IDENTIFIER = com.joshuahughes.ShflUITests;
				PRODUCT_NAME = "$(TARGET_NAME)";
				SDKROOT = auto;
				STRING_CATALOG_GENERATE_SYMBOLS = NO;
				SUPPORTED_PLATFORMS = "iphoneos iphonesimulator xros xrsimulator";
				SWIFT_APPROACHABLE_CONCURRENCY = YES;
				SWIFT_EMIT_LOC_STRINGS = NO;
				SWIFT_UPCOMING_FEATURE_MEMBER_IMPORT_VISIBILITY = YES;
				SWIFT_VERSION = 5.0;
				TARGETED_DEVICE_FAMILY = "1,2,7";
				TEST_TARGET_NAME = Shfl;
				XROS_DEPLOYMENT_TARGET = 26.2;
			};
			name = Debug;
		};
		DC1306C02EFDBDA400200F38 /* Release */ = {
			isa = XCBuildConfiguration;
			buildSettings = {
				CODE_SIGN_STYLE = Automatic;
				CURRENT_PROJECT_VERSION = 1;
				DEVELOPMENT_TEAM = ZJRV3JWFV6;
				GENERATE_INFOPLIST_FILE = YES;
				IPHONEOS_DEPLOYMENT_TARGET = 26.2;
				MACOSX_DEPLOYMENT_TARGET = 26.0;
				MARKETING_VERSION = 1.0;
				PRODUCT_BUNDLE_IDENTIFIER = com.joshuahughes.ShflUITests;
				PRODUCT_NAME = "$(TARGET_NAME)";
				SDKROOT = auto;
				STRING_CATALOG_GENERATE_SYMBOLS = NO;
				SUPPORTED_PLATFORMS = "iphoneos iphonesimulator xros xrsimulator";
				SWIFT_APPROACHABLE_CONCURRENCY = YES;
				SWIFT_EMIT_LOC_STRINGS = NO;
				SWIFT_UPCOMING_FEATURE_MEMBER_IMPORT_VISIBILITY = YES;
				SWIFT_VERSION = 5.0;
				TARGETED_DEVICE_FAMILY = "1,2,7";
				TEST_TARGET_NAME = Shfl;
				XROS_DEPLOYMENT_TARGET = 26.2;
			};
			name = Release;
		};
/* End XCBuildConfiguration section */

/* Begin XCConfigurationList section */
		DCAC00612F20000000000061 /* Build configuration list for PBXNativeTarget "ShflMac" */ = {
			isa = XCConfigurationList;
			buildConfigurations = (
				DCAC00512F20000000000051 /* Debug */,
				DCAC00522F20000000000052 /* Release */,
			);
			defaultConfigurationIsVisible = 0;
			defaultConfigurationName = Release;
		};
		DCAC00622F20000000000062 /* Build configuration list for PBXNativeTarget "ShflMacTests" */ = {
			isa = XCConfigurationList;
			buildConfigurations = (
				DCAC00532F20000000000053 /* Debug */,
				DCAC00542F20000000000054 /* Release */,
			);
			defaultConfigurationIsVisible = 0;
			defaultConfigurationName = Release;
		};
		DC1306902EFDBDA300200F38 /* Build configuration list for PBXProject "Shfl" */ = {
			isa = XCConfigurationList;
			buildConfigurations = (
				DC1306B62EFDBDA400200F38 /* Debug */,
				DC1306B72EFDBDA400200F38 /* Release */,
			);
			defaultConfigurationIsVisible = 0;
			defaultConfigurationName = Release;
		};
		DC1306B82EFDBDA400200F38 /* Build configuration list for PBXNativeTarget "Shfl" */ = {
			isa = XCConfigurationList;
			buildConfigurations = (
				DC1306B92EFDBDA400200F38 /* Debug */,
				DC1306BA2EFDBDA400200F38 /* Release */,
			);
			defaultConfigurationIsVisible = 0;
			defaultConfigurationName = Release;
		};
		DC1306BB2EFDBDA400200F38 /* Build configuration list for PBXNativeTarget "ShflTests" */ = {
			isa = XCConfigurationList;
			buildConfigurations = (
				DC1306BC2EFDBDA400200F38 /* Debug */,
				DC1306BD2EFDBDA400200F38 /* Release */,
			);
			defaultConfigurationIsVisible = 0;
			defaultConfigurationName = Release;
		};
		DC1306BE2EFDBDA400200F38 /* Build configuration list for PBXNativeTarget "ShflUITests" */ = {
			isa = XCConfigurationList;
			buildConfigurations = (
				DC1306BF2EFDBDA400200F38 /* Debug */,
				DC1306C02EFDBDA400200F38 /* Release */,
			);
			defaultConfigurationIsVisible = 0;
			defaultConfigurationName = Release;
		};
/* End XCConfigurationList section */

/* Begin XCLocalSwiftPackageReference section */
		DCAA00052F10000000000005 /* XCLocalSwiftPackageReference "Packages/ShflKit" */ = {
			isa = XCLocalSwiftPackageReference;
			relativePath = Packages/ShflKit;
		};
/* End XCLocalSwiftPackageReference section */

/* Begin XCRemoteSwiftPackageReference section */
		DCAA00012F10000000000001 /* XCRemoteSwiftPackageReference "Vortex" */ = {
			isa = XCRemoteSwiftPackageReference;
			repositoryURL = "https://github.com/twostraws/Vortex";
			requirement = {
				kind = upToNextMajorVersion;
				minimumVersion = 1.0.0;
			};
		};
/* End XCRemoteSwiftPackageReference section */

/* Begin XCSwiftPackageProductDependency section */
		DCAC00112F20000000000011 /* ShflComposition */ = {
			isa = XCSwiftPackageProductDependency;
			package = DCAA00052F10000000000005 /* XCLocalSwiftPackageReference "Packages/ShflKit" */;
			productName = ShflComposition;
		};
		DCAC00122F20000000000012 /* ShflCore */ = {
			isa = XCSwiftPackageProductDependency;
			package = DCAA00052F10000000000005 /* XCLocalSwiftPackageReference "Packages/ShflKit" */;
			productName = ShflCore;
		};
		DCAC00132F20000000000013 /* ShflAppleMusicUI */ = {
			isa = XCSwiftPackageProductDependency;
			package = DCAA00052F10000000000005 /* XCLocalSwiftPackageReference "Packages/ShflKit" */;
			productName = ShflAppleMusicUI;
		};
		DCAC00142F20000000000014 /* ShflLastFM */ = {
			isa = XCSwiftPackageProductDependency;
			package = DCAA00052F10000000000005 /* XCLocalSwiftPackageReference "Packages/ShflKit" */;
			productName = ShflLastFM;
		};
		DCAA00022F10000000000002 /* Vortex */ = {
			isa = XCSwiftPackageProductDependency;
			package = DCAA00012F10000000000001 /* XCRemoteSwiftPackageReference "Vortex" */;
			productName = Vortex;
		};
		DCAA00032F10000000000003 /* ShflCore */ = {
			isa = XCSwiftPackageProductDependency;
			package = DCAA00052F10000000000005 /* XCLocalSwiftPackageReference "Packages/ShflKit" */;
			productName = ShflCore;
		};
		DCAA00102F10000000000010 /* ShflDeterministic */ = {
			isa = XCSwiftPackageProductDependency;
			package = DCAA00052F10000000000005 /* XCLocalSwiftPackageReference "Packages/ShflKit" */;
			productName = ShflDeterministic;
		};
		DCAA00142F10000000000014 /* ShflAppleMusicUI */ = {
			isa = XCSwiftPackageProductDependency;
			package = DCAA00052F10000000000005 /* XCLocalSwiftPackageReference "Packages/ShflKit" */;
			productName = ShflAppleMusicUI;
		};
		DCAA00162F10000000000016 /* ShflLastFM */ = {
			isa = XCSwiftPackageProductDependency;
			package = DCAA00052F10000000000005 /* XCLocalSwiftPackageReference "Packages/ShflKit" */;
			productName = ShflLastFM;
		};
		DCAA00182F10000000000018 /* ShflComposition */ = {
			isa = XCSwiftPackageProductDependency;
			package = DCAA00052F10000000000005 /* XCLocalSwiftPackageReference "Packages/ShflKit" */;
			productName = ShflComposition;
		};
/* End XCSwiftPackageProductDependency section */
	};
	rootObject = DC13068D2EFDBDA300200F38 /* Project object */;
}
